
Microsoft Visual Studio Solution File, Format Version 12.00
# Visual Studio Version 17
VisualStudioVersion = 17.12.35506.116
MinimumVisualStudioVersion = 10.0.40219.1
Project("{FAE04EC0-301F-11D3-BF4B-00C04F79EFBC}") = "OpenEdigeUtils", "OpenEdigeUtils\OpenEdigeUtils.csproj", "{D6E560C6-C4E8-470B-ADCE-4A39CF391CA2}"
EndProject
Project("{FAE04EC0-301F-11D3-BF4B-00C04F79EFBC}") = "TesteUtil", "TesteUtil\TesteUtil.csproj", "{495A4BAF-7EBF-49AE-A5F0-B1817BA871F9}"
EndProject
Project("{FAE04EC0-301F-11D3-BF4B-00C04F79EFBC}") = "TesteCripto", "TesteCripto\TesteCripto.csproj", "{56214D62-0359-4095-8A91-60CF6CA10747}"
EndProject
Global
	GlobalSection(SolutionConfigurationPlatforms) = preSolution
		Debug|Any CPU = Debug|Any CPU
		Release|Any CPU = Release|Any CPU
	EndGlobalSection
	GlobalSection(ProjectConfigurationPlatforms) = postSolution
		{D6E560C6-C4E8-470B-ADCE-4A39CF391CA2}.Debug|Any CPU.ActiveCfg = Debug|Any CPU
		{D6E560C6-C4E8-470B-ADCE-4A39CF391CA2}.Debug|Any CPU.Build.0 = Debug|Any CPU
		{D6E560C6-C4E8-470B-ADCE-4A39CF391CA2}.Release|Any CPU.ActiveCfg = Release|Any CPU
		{D6E560C6-C4E8-470B-ADCE-4A39CF391CA2}.Release|Any CPU.Build.0 = Release|Any CPU
		{495A4BAF-7EBF-49AE-A5F0-B1817BA871F9}.Debug|Any CPU.ActiveCfg = Debug|Any CPU
		{495A4BAF-7EBF-49AE-A5F0-B1817BA871F9}.Debug|Any CPU.Build.0 = Debug|Any CPU
		{495A4BAF-7EBF-49AE-A5F0-B1817BA871F9}.Release|Any CPU.ActiveCfg = Release|Any CPU
		{495A4BAF-7EBF-49AE-A5F0-B1817BA871F9}.Release|Any CPU.Build.0 = Release|Any CPU
		{56214D62-0359-4095-8A91-60CF6CA10747}.Debug|Any CPU.ActiveCfg = Debug|Any CPU
		{56214D62-0359-4095-8A91-60CF6CA10747}.Debug|Any CPU.Build.0 = Debug|Any CPU
		{56214D62-0359-4095-8A91-60CF6CA10747}.Release|Any CPU.ActiveCfg = Release|Any CPU
		{56214D62-0359-4095-8A91-60CF6CA10747}.Release|Any CPU.Build.0 = Release|Any CPU
	EndGlobalSection
	GlobalSection(SolutionProperties) = preSolution
		HideSolutionNode = FALSE
	EndGlobalSection
EndGlobal
